
Microsoft Visual Studio Solution File, Format Version 12.00
# Visual Studio Version 17
VisualStudioVersion = 17.0.31903.59
MinimumVisualStudioVersion = 10.0.40219.1
Project("{FAE04EC0-301F-11D3-BF4B-00C04F79EFBC}") = "bench1", "bench1\bench1.csproj", "{C8E8B3BB-C021-47F1-BD56-D74FBB62E06F}"
EndProject
Project("{FAE04EC0-301F-11D3-BF4B-00C04F79EFBC}") = "client1", "client1\client1.csproj", "{6AE1B479-3293-4E35-A84B-56E31E6FB843}"
EndProject
Project("{FAE04EC0-301F-11D3-BF4B-00C04F79EFBC}") = "nnats-proxy", "nnats-proxy\nnats-proxy.csproj", "{8CC46EFF-972D-4095-AC0F-2E25874B78CD}"
EndProject
Project("{FAE04EC0-301F-11D3-BF4B-00C04F79EFBC}") = "client2", "client2\client2.csproj", "{9731805C-E2AC-49EF-9779-BCC8DB840173}"
EndProject
Project("{2150E333-8FDC-42A3-9474-1A3956D46DE8}") = ".github", ".github", "{B3CCFF33-B33D-45E4-AEE1-778D5A2347D1}"
EndProject
Project("{2150E333-8FDC-42A3-9474-1A3956D46DE8}") = "workflows", "workflows", "{60BEF34F-572D-477F-943F-16B869FDE06B}"
	ProjectSection(SolutionItems) = preProject
		.github\workflows\test1.yml = .github\workflows\test1.yml
		.github\workflows\test2.yml = .github\workflows\test2.yml
		.github\workflows\nats.yml = .github\workflows\nats.yml
		.github\workflows\test3.yml = .github\workflows\test3.yml
		.github\workflows\nats2.yml = .github\workflows\nats2.yml
		.github\workflows\nats-win-dl.yml = .github\workflows\nats-win-dl.yml
		.github\workflows\rel.yml = .github\workflows\rel.yml
		.github\workflows\nats3.yml = .github\workflows\nats3.yml
	EndProjectSection
EndProject
Project("{2150E333-8FDC-42A3-9474-1A3956D46DE8}") = ".", ".", "{A84A5100-74F8-436F-8927-A41E5FB5E5C1}"
	ProjectSection(SolutionItems) = preProject
		README.md = README.md
	EndProjectSection
EndProject
Project("{FAE04EC0-301F-11D3-BF4B-00C04F79EFBC}") = "natsparser", "natsparser\natsparser.csproj", "{38998DC3-F0D4-4A0C-BA70-76B30EB37880}"
EndProject
Project("{FAE04EC0-301F-11D3-BF4B-00C04F79EFBC}") = "natsparser.test", "natsparser.test\natsparser.test.csproj", "{F6E9C5D6-3DD6-430A-BB76-385CBB1A3D87}"
EndProject
Project("{FAE04EC0-301F-11D3-BF4B-00C04F79EFBC}") = "app_pipelines", "app_pipelines\app_pipelines.csproj", "{F91B82B2-1BB2-46D0-AA6A-0A9773230F8A}"
EndProject
Project("{FAE04EC0-301F-11D3-BF4B-00C04F79EFBC}") = "natsparser.app", "natsparser.app\natsparser.app.csproj", "{0F821446-CF67-45D5-B601-F464BB258805}"
EndProject
Global
	GlobalSection(SolutionConfigurationPlatforms) = preSolution
		Debug|Any CPU = Debug|Any CPU
		Release|Any CPU = Release|Any CPU
	EndGlobalSection
	GlobalSection(SolutionProperties) = preSolution
		HideSolutionNode = FALSE
	EndGlobalSection
	GlobalSection(ProjectConfigurationPlatforms) = postSolution
		{C8E8B3BB-C021-47F1-BD56-D74FBB62E06F}.Debug|Any CPU.ActiveCfg = Debug|Any CPU
		{C8E8B3BB-C021-47F1-BD56-D74FBB62E06F}.Debug|Any CPU.Build.0 = Debug|Any CPU
		{C8E8B3BB-C021-47F1-BD56-D74FBB62E06F}.Release|Any CPU.ActiveCfg = Release|Any CPU
		{C8E8B3BB-C021-47F1-BD56-D74FBB62E06F}.Release|Any CPU.Build.0 = Release|Any CPU
		{6AE1B479-3293-4E35-A84B-56E31E6FB843}.Debug|Any CPU.ActiveCfg = Debug|Any CPU
		{6AE1B479-3293-4E35-A84B-56E31E6FB843}.Debug|Any CPU.Build.0 = Debug|Any CPU
		{6AE1B479-3293-4E35-A84B-56E31E6FB843}.Release|Any CPU.ActiveCfg = Release|Any CPU
		{6AE1B479-3293-4E35-A84B-56E31E6FB843}.Release|Any CPU.Build.0 = Release|Any CPU
		{8CC46EFF-972D-4095-AC0F-2E25874B78CD}.Debug|Any CPU.ActiveCfg = Debug|Any CPU
		{8CC46EFF-972D-4095-AC0F-2E25874B78CD}.Debug|Any CPU.Build.0 = Debug|Any CPU
		{8CC46EFF-972D-4095-AC0F-2E25874B78CD}.Release|Any CPU.ActiveCfg = Release|Any CPU
		{8CC46EFF-972D-4095-AC0F-2E25874B78CD}.Release|Any CPU.Build.0 = Release|Any CPU
		{9731805C-E2AC-49EF-9779-BCC8DB840173}.Debug|Any CPU.ActiveCfg = Debug|Any CPU
		{9731805C-E2AC-49EF-9779-BCC8DB840173}.Debug|Any CPU.Build.0 = Debug|Any CPU
		{9731805C-E2AC-49EF-9779-BCC8DB840173}.Release|Any CPU.ActiveCfg = Release|Any CPU
		{9731805C-E2AC-49EF-9779-BCC8DB840173}.Release|Any CPU.Build.0 = Release|Any CPU
		{38998DC3-F0D4-4A0C-BA70-76B30EB37880}.Debug|Any CPU.ActiveCfg = Debug|Any CPU
		{38998DC3-F0D4-4A0C-BA70-76B30EB37880}.Debug|Any CPU.Build.0 = Debug|Any CPU
		{38998DC3-F0D4-4A0C-BA70-76B30EB37880}.Release|Any CPU.ActiveCfg = Release|Any CPU
		{38998DC3-F0D4-4A0C-BA70-76B30EB37880}.Release|Any CPU.Build.0 = Release|Any CPU
		{F6E9C5D6-3DD6-430A-BB76-385CBB1A3D87}.Debug|Any CPU.ActiveCfg = Debug|Any CPU
		{F6E9C5D6-3DD6-430A-BB76-385CBB1A3D87}.Debug|Any CPU.Build.0 = Debug|Any CPU
		{F6E9C5D6-3DD6-430A-BB76-385CBB1A3D87}.Release|Any CPU.ActiveCfg = Release|Any CPU
		{F6E9C5D6-3DD6-430A-BB76-385CBB1A3D87}.Release|Any CPU.Build.0 = Release|Any CPU
		{F91B82B2-1BB2-46D0-AA6A-0A9773230F8A}.Debug|Any CPU.ActiveCfg = Debug|Any CPU
		{F91B82B2-1BB2-46D0-AA6A-0A9773230F8A}.Debug|Any CPU.Build.0 = Debug|Any CPU
		{F91B82B2-1BB2-46D0-AA6A-0A9773230F8A}.Release|Any CPU.ActiveCfg = Release|Any CPU
		{F91B82B2-1BB2-46D0-AA6A-0A9773230F8A}.Release|Any CPU.Build.0 = Release|Any CPU
		{0F821446-CF67-45D5-B601-F464BB258805}.Debug|Any CPU.ActiveCfg = Debug|Any CPU
		{0F821446-CF67-45D5-B601-F464BB258805}.Debug|Any CPU.Build.0 = Debug|Any CPU
		{0F821446-CF67-45D5-B601-F464BB258805}.Release|Any CPU.ActiveCfg = Release|Any CPU
		{0F821446-CF67-45D5-B601-F464BB258805}.Release|Any CPU.Build.0 = Release|Any CPU
	EndGlobalSection
	GlobalSection(NestedProjects) = preSolution
		{60BEF34F-572D-477F-943F-16B869FDE06B} = {B3CCFF33-B33D-45E4-AEE1-778D5A2347D1}
	EndGlobalSection
EndGlobal
