
Microsoft Visual Studio Solution File, Format Version 12.00
# Visual Studio Version 17
VisualStudioVersion = 17.0.31903.59
MinimumVisualStudioVersion = 10.0.40219.1
Project("{FAE04EC0-301F-11D3-BF4B-00C04F79EFBC}") = "bench1", "bench1\bench1.csproj", "{C8E8B3BB-C021-47F1-BD56-D74FBB62E06F}"
EndProject
Project("{FAE04EC0-301F-11D3-BF4B-00C04F79EFBC}") = "app1", "app1\app1.csproj", "{9AA5DA95-6B8B-4C21-8854-43B46831BFBD}"
EndProject
Project("{FAE04EC0-301F-11D3-BF4B-00C04F79EFBC}") = "client1", "client1\client1.csproj", "{6AE1B479-3293-4E35-A84B-56E31E6FB843}"
EndProject
Project("{FAE04EC0-301F-11D3-BF4B-00C04F79EFBC}") = "app2", "app2\app2.csproj", "{B8B3529E-956D-4409-A64C-E2A6D621FDA0}"
EndProject
Project("{FAE04EC0-301F-11D3-BF4B-00C04F79EFBC}") = "app3", "app3\app3.csproj", "{3775FEA4-7A94-49D4-97CF-9C5863F31BED}"
EndProject
Project("{FAE04EC0-301F-11D3-BF4B-00C04F79EFBC}") = "app0", "app0\app0.csproj", "{D7B04F81-A999-496B-81F9-EDC7CDC58AA4}"
EndProject
Project("{FAE04EC0-301F-11D3-BF4B-00C04F79EFBC}") = "app4", "app4\app4.csproj", "{E1BEB1AA-F664-4430-8E16-BAF2E133A1A6}"
EndProject
Project("{FAE04EC0-301F-11D3-BF4B-00C04F79EFBC}") = "app5", "app5\app5.csproj", "{799C2AB4-4C10-45D7-B3EF-670C15AE9806}"
EndProject
Project("{FAE04EC0-301F-11D3-BF4B-00C04F79EFBC}") = "nnats-proxy", "nnats-proxy\nnats-proxy.csproj", "{8CC46EFF-972D-4095-AC0F-2E25874B78CD}"
EndProject
Project("{FAE04EC0-301F-11D3-BF4B-00C04F79EFBC}") = "client2", "client2\client2.csproj", "{9731805C-E2AC-49EF-9779-BCC8DB840173}"
EndProject
Project("{FAE04EC0-301F-11D3-BF4B-00C04F79EFBC}") = "test1", "test1\test1.csproj", "{A47F3BCE-7C5D-4E9A-8967-73DDE34CA819}"
EndProject
Project("{FAE04EC0-301F-11D3-BF4B-00C04F79EFBC}") = "test2", "test2\test2.csproj", "{46C538C4-DCAD-4475-9678-47024DB38320}"
EndProject
Project("{2150E333-8FDC-42A3-9474-1A3956D46DE8}") = "nats", "nats", "{8670B72D-186A-4BB9-B545-2BB84BD9445E}"
	ProjectSection(SolutionItems) = preProject
		nats\Directory.Build.props = nats\Directory.Build.props
	EndProjectSection
EndProject
Project("{2150E333-8FDC-42A3-9474-1A3956D46DE8}") = ".github", ".github", "{B3CCFF33-B33D-45E4-AEE1-778D5A2347D1}"
EndProject
Project("{2150E333-8FDC-42A3-9474-1A3956D46DE8}") = "workflows", "workflows", "{60BEF34F-572D-477F-943F-16B869FDE06B}"
	ProjectSection(SolutionItems) = preProject
		.github\workflows\test1.yml = .github\workflows\test1.yml
		.github\workflows\test2.yml = .github\workflows\test2.yml
		.github\workflows\nats.yml = .github\workflows\nats.yml
		.github\workflows\test3.yml = .github\workflows\test3.yml
		.github\workflows\nats2.yml = .github\workflows\nats2.yml
		.github\workflows\nats-win-dl.yml = .github\workflows\nats-win-dl.yml
		.github\workflows\rel.yml = .github\workflows\rel.yml
		.github\workflows\nats3.yml = .github\workflows\nats3.yml
	EndProjectSection
EndProject
Project("{FAE04EC0-301F-11D3-BF4B-00C04F79EFBC}") = "NATS.Client.Core", "nats\nats.net.v2\src\NATS.Client.Core\NATS.Client.Core.csproj", "{8A9C3E5A-E722-4053-AB7C-E49D9EDE9A6E}"
EndProject
Project("{2150E333-8FDC-42A3-9474-1A3956D46DE8}") = ".", ".", "{A84A5100-74F8-436F-8927-A41E5FB5E5C1}"
	ProjectSection(SolutionItems) = preProject
		README.md = README.md
		sync_nats.bat = sync_nats.bat
		Directory.Build.props = Directory.Build.props
		dump.patch = dump.patch
		Dumper.cs = Dumper.cs
		macos.patch = macos.patch
		X.cs = X.cs
		version.txt = version.txt
		sync_alternats.bat = sync_alternats.bat
		sync_nats_old.bat = sync_nats_old.bat
	EndProjectSection
EndProject
Project("{FAE04EC0-301F-11D3-BF4B-00C04F79EFBC}") = "app_nats2", "app_nats2\app_nats2.csproj", "{60DB3842-54E9-4701-BD97-682A137CF151}"
EndProject
Project("{FAE04EC0-301F-11D3-BF4B-00C04F79EFBC}") = "clientjs1", "clientjs1\clientjs1.csproj", "{E49DC29A-D109-4612-8753-10FCBE3E3A76}"
EndProject
Project("{FAE04EC0-301F-11D3-BF4B-00C04F79EFBC}") = "clientlib1", "clientlib1\clientlib1.csproj", "{DEBFE681-C583-4E68-9FF2-CB3F0E74BA22}"
EndProject
Project("{FAE04EC0-301F-11D3-BF4B-00C04F79EFBC}") = "njsclient", "njsclient\njsclient.csproj", "{D39B708A-20FA-451B-832C-BB197E1339F6}"
EndProject
Project("{FAE04EC0-301F-11D3-BF4B-00C04F79EFBC}") = "nnatsbench", "nnatsbench\nnatsbench.csproj", "{D318BABB-5CDE-4F46-8882-8B6DB3B62418}"
EndProject
Project("{2150E333-8FDC-42A3-9474-1A3956D46DE8}") = "AlterNats", "AlterNats", "{B0CFF32E-899A-44FD-A418-6D50E5B7CF8F}"
EndProject
Project("{FAE04EC0-301F-11D3-BF4B-00C04F79EFBC}") = "AlterNats", "AlterNats\AlterNats\AlterNats.csproj", "{A00D662E-2EBD-4B15-8DDA-52401B86A150}"
EndProject
Project("{2150E333-8FDC-42A3-9474-1A3956D46DE8}") = "nats_old", "nats_old", "{A8D55A8D-8B37-461C-8FE1-015F734A36AE}"
EndProject
Project("{FAE04EC0-301F-11D3-BF4B-00C04F79EFBC}") = "NATS.Client.Core", "nats_old\nats.net.v2\src\NATS.Client.Core\NATS.Client.Core.csproj", "{9A5C260D-E68A-4DAE-86F2-65D359BD6FA9}"
EndProject
Project("{FAE04EC0-301F-11D3-BF4B-00C04F79EFBC}") = "nnatsbench_old", "nnatsbench_old\nnatsbench_old.csproj", "{CD715964-1A02-4254-96A5-3D94E13F9DF4}"
EndProject
Project("{FAE04EC0-301F-11D3-BF4B-00C04F79EFBC}") = "natsjsapi1", "natsjsapi1\natsjsapi1.csproj", "{983FDBBE-C578-422C-8584-9B1286BEBAD6}"
EndProject
Project("{FAE04EC0-301F-11D3-BF4B-00C04F79EFBC}") = "nperf1", "nperf1\nperf1.csproj", "{69BAB6BB-0517-4934-9E56-C136B09053EC}"
EndProject
Project("{FAE04EC0-301F-11D3-BF4B-00C04F79EFBC}") = "nperf0", "nperf0\nperf0.csproj", "{2115F246-F8D8-4C87-851D-643C8184B177}"
EndProject
Project("{FAE04EC0-301F-11D3-BF4B-00C04F79EFBC}") = "nperf2", "nperf2\nperf2.csproj", "{5FC2426B-4040-4839-8485-FD3CED768B41}"
EndProject
Project("{FAE04EC0-301F-11D3-BF4B-00C04F79EFBC}") = "NATS.Client.TestUtilities", "nats\nats.net.v2\tests\NATS.Client.TestUtilities\NATS.Client.TestUtilities.csproj", "{5DA3C110-18C1-4D87-85FA-3A02ABEC0C58}"
EndProject
Project("{FAE04EC0-301F-11D3-BF4B-00C04F79EFBC}") = "NATS.Client.Core.Tests", "nats\nats.net.v2\tests\NATS.Client.Core.Tests\NATS.Client.Core.Tests.csproj", "{F4C2C926-1392-46AF-8397-5E4B9EAB9FBC}"
EndProject
Project("{FAE04EC0-301F-11D3-BF4B-00C04F79EFBC}") = "oldapp1", "oldapp1\oldapp1.csproj", "{4CB4F529-FA2D-4784-B7DD-C2ABD70F17CB}"
EndProject
Project("{FAE04EC0-301F-11D3-BF4B-00C04F79EFBC}") = "app_js", "app_js\app_js.csproj", "{6F393D7B-AF27-42AB-97A6-B60DBDB4D93E}"
EndProject
Project("{FAE04EC0-301F-11D3-BF4B-00C04F79EFBC}") = "NATS.Client.JetStream", "nats\nats.net.v2\src\NATS.Client.JetStream\NATS.Client.JetStream.csproj", "{14AD5E04-9C5E-4473-82CB-5F82D2BCBEB6}"
EndProject
Project("{FAE04EC0-301F-11D3-BF4B-00C04F79EFBC}") = "NATS.Client.JetStream.Tests", "nats\nats.net.v2\tests\NATS.Client.JetStream.Tests\NATS.Client.JetStream.Tests.csproj", "{4BD602D0-4200-4F14-8B52-2835F1F34222}"
EndProject
Project("{FAE04EC0-301F-11D3-BF4B-00C04F79EFBC}") = "app_jetstream", "app_jetstream\app_jetstream.csproj", "{FC6848ED-44D1-40E4-A711-6BA109F04268}"
EndProject
Global
	GlobalSection(SolutionConfigurationPlatforms) = preSolution
		Debug|Any CPU = Debug|Any CPU
		Release|Any CPU = Release|Any CPU
	EndGlobalSection
	GlobalSection(SolutionProperties) = preSolution
		HideSolutionNode = FALSE
	EndGlobalSection
	GlobalSection(ProjectConfigurationPlatforms) = postSolution
		{C8E8B3BB-C021-47F1-BD56-D74FBB62E06F}.Debug|Any CPU.ActiveCfg = Debug|Any CPU
		{C8E8B3BB-C021-47F1-BD56-D74FBB62E06F}.Debug|Any CPU.Build.0 = Debug|Any CPU
		{C8E8B3BB-C021-47F1-BD56-D74FBB62E06F}.Release|Any CPU.ActiveCfg = Release|Any CPU
		{C8E8B3BB-C021-47F1-BD56-D74FBB62E06F}.Release|Any CPU.Build.0 = Release|Any CPU
		{9AA5DA95-6B8B-4C21-8854-43B46831BFBD}.Debug|Any CPU.ActiveCfg = Debug|Any CPU
		{9AA5DA95-6B8B-4C21-8854-43B46831BFBD}.Debug|Any CPU.Build.0 = Debug|Any CPU
		{9AA5DA95-6B8B-4C21-8854-43B46831BFBD}.Release|Any CPU.ActiveCfg = Release|Any CPU
		{9AA5DA95-6B8B-4C21-8854-43B46831BFBD}.Release|Any CPU.Build.0 = Release|Any CPU
		{6AE1B479-3293-4E35-A84B-56E31E6FB843}.Debug|Any CPU.ActiveCfg = Debug|Any CPU
		{6AE1B479-3293-4E35-A84B-56E31E6FB843}.Debug|Any CPU.Build.0 = Debug|Any CPU
		{6AE1B479-3293-4E35-A84B-56E31E6FB843}.Release|Any CPU.ActiveCfg = Release|Any CPU
		{6AE1B479-3293-4E35-A84B-56E31E6FB843}.Release|Any CPU.Build.0 = Release|Any CPU
		{B8B3529E-956D-4409-A64C-E2A6D621FDA0}.Debug|Any CPU.ActiveCfg = Debug|Any CPU
		{B8B3529E-956D-4409-A64C-E2A6D621FDA0}.Debug|Any CPU.Build.0 = Debug|Any CPU
		{B8B3529E-956D-4409-A64C-E2A6D621FDA0}.Release|Any CPU.ActiveCfg = Release|Any CPU
		{B8B3529E-956D-4409-A64C-E2A6D621FDA0}.Release|Any CPU.Build.0 = Release|Any CPU
		{3775FEA4-7A94-49D4-97CF-9C5863F31BED}.Debug|Any CPU.ActiveCfg = Debug|Any CPU
		{3775FEA4-7A94-49D4-97CF-9C5863F31BED}.Debug|Any CPU.Build.0 = Debug|Any CPU
		{3775FEA4-7A94-49D4-97CF-9C5863F31BED}.Release|Any CPU.ActiveCfg = Release|Any CPU
		{3775FEA4-7A94-49D4-97CF-9C5863F31BED}.Release|Any CPU.Build.0 = Release|Any CPU
		{D7B04F81-A999-496B-81F9-EDC7CDC58AA4}.Debug|Any CPU.ActiveCfg = Debug|Any CPU
		{D7B04F81-A999-496B-81F9-EDC7CDC58AA4}.Debug|Any CPU.Build.0 = Debug|Any CPU
		{D7B04F81-A999-496B-81F9-EDC7CDC58AA4}.Release|Any CPU.ActiveCfg = Release|Any CPU
		{D7B04F81-A999-496B-81F9-EDC7CDC58AA4}.Release|Any CPU.Build.0 = Release|Any CPU
		{E1BEB1AA-F664-4430-8E16-BAF2E133A1A6}.Debug|Any CPU.ActiveCfg = Debug|Any CPU
		{E1BEB1AA-F664-4430-8E16-BAF2E133A1A6}.Debug|Any CPU.Build.0 = Debug|Any CPU
		{E1BEB1AA-F664-4430-8E16-BAF2E133A1A6}.Release|Any CPU.ActiveCfg = Release|Any CPU
		{E1BEB1AA-F664-4430-8E16-BAF2E133A1A6}.Release|Any CPU.Build.0 = Release|Any CPU
		{799C2AB4-4C10-45D7-B3EF-670C15AE9806}.Debug|Any CPU.ActiveCfg = Debug|Any CPU
		{799C2AB4-4C10-45D7-B3EF-670C15AE9806}.Debug|Any CPU.Build.0 = Debug|Any CPU
		{799C2AB4-4C10-45D7-B3EF-670C15AE9806}.Release|Any CPU.ActiveCfg = Release|Any CPU
		{799C2AB4-4C10-45D7-B3EF-670C15AE9806}.Release|Any CPU.Build.0 = Release|Any CPU
		{8CC46EFF-972D-4095-AC0F-2E25874B78CD}.Debug|Any CPU.ActiveCfg = Debug|Any CPU
		{8CC46EFF-972D-4095-AC0F-2E25874B78CD}.Debug|Any CPU.Build.0 = Debug|Any CPU
		{8CC46EFF-972D-4095-AC0F-2E25874B78CD}.Release|Any CPU.ActiveCfg = Release|Any CPU
		{8CC46EFF-972D-4095-AC0F-2E25874B78CD}.Release|Any CPU.Build.0 = Release|Any CPU
		{9731805C-E2AC-49EF-9779-BCC8DB840173}.Debug|Any CPU.ActiveCfg = Debug|Any CPU
		{9731805C-E2AC-49EF-9779-BCC8DB840173}.Debug|Any CPU.Build.0 = Debug|Any CPU
		{9731805C-E2AC-49EF-9779-BCC8DB840173}.Release|Any CPU.ActiveCfg = Release|Any CPU
		{9731805C-E2AC-49EF-9779-BCC8DB840173}.Release|Any CPU.Build.0 = Release|Any CPU
		{A47F3BCE-7C5D-4E9A-8967-73DDE34CA819}.Debug|Any CPU.ActiveCfg = Debug|Any CPU
		{A47F3BCE-7C5D-4E9A-8967-73DDE34CA819}.Debug|Any CPU.Build.0 = Debug|Any CPU
		{A47F3BCE-7C5D-4E9A-8967-73DDE34CA819}.Release|Any CPU.ActiveCfg = Release|Any CPU
		{A47F3BCE-7C5D-4E9A-8967-73DDE34CA819}.Release|Any CPU.Build.0 = Release|Any CPU
		{46C538C4-DCAD-4475-9678-47024DB38320}.Debug|Any CPU.ActiveCfg = Debug|Any CPU
		{46C538C4-DCAD-4475-9678-47024DB38320}.Debug|Any CPU.Build.0 = Debug|Any CPU
		{46C538C4-DCAD-4475-9678-47024DB38320}.Release|Any CPU.ActiveCfg = Release|Any CPU
		{46C538C4-DCAD-4475-9678-47024DB38320}.Release|Any CPU.Build.0 = Release|Any CPU
		{8A9C3E5A-E722-4053-AB7C-E49D9EDE9A6E}.Debug|Any CPU.ActiveCfg = Debug|Any CPU
		{8A9C3E5A-E722-4053-AB7C-E49D9EDE9A6E}.Debug|Any CPU.Build.0 = Debug|Any CPU
		{8A9C3E5A-E722-4053-AB7C-E49D9EDE9A6E}.Release|Any CPU.ActiveCfg = Release|Any CPU
		{8A9C3E5A-E722-4053-AB7C-E49D9EDE9A6E}.Release|Any CPU.Build.0 = Release|Any CPU
		{60DB3842-54E9-4701-BD97-682A137CF151}.Debug|Any CPU.ActiveCfg = Debug|Any CPU
		{60DB3842-54E9-4701-BD97-682A137CF151}.Debug|Any CPU.Build.0 = Debug|Any CPU
		{60DB3842-54E9-4701-BD97-682A137CF151}.Release|Any CPU.ActiveCfg = Release|Any CPU
		{60DB3842-54E9-4701-BD97-682A137CF151}.Release|Any CPU.Build.0 = Release|Any CPU
		{E49DC29A-D109-4612-8753-10FCBE3E3A76}.Debug|Any CPU.ActiveCfg = Debug|Any CPU
		{E49DC29A-D109-4612-8753-10FCBE3E3A76}.Debug|Any CPU.Build.0 = Debug|Any CPU
		{E49DC29A-D109-4612-8753-10FCBE3E3A76}.Release|Any CPU.ActiveCfg = Release|Any CPU
		{E49DC29A-D109-4612-8753-10FCBE3E3A76}.Release|Any CPU.Build.0 = Release|Any CPU
		{DEBFE681-C583-4E68-9FF2-CB3F0E74BA22}.Debug|Any CPU.ActiveCfg = Debug|Any CPU
		{DEBFE681-C583-4E68-9FF2-CB3F0E74BA22}.Debug|Any CPU.Build.0 = Debug|Any CPU
		{DEBFE681-C583-4E68-9FF2-CB3F0E74BA22}.Release|Any CPU.ActiveCfg = Release|Any CPU
		{DEBFE681-C583-4E68-9FF2-CB3F0E74BA22}.Release|Any CPU.Build.0 = Release|Any CPU
		{D39B708A-20FA-451B-832C-BB197E1339F6}.Debug|Any CPU.ActiveCfg = Debug|Any CPU
		{D39B708A-20FA-451B-832C-BB197E1339F6}.Debug|Any CPU.Build.0 = Debug|Any CPU
		{D39B708A-20FA-451B-832C-BB197E1339F6}.Release|Any CPU.ActiveCfg = Release|Any CPU
		{D39B708A-20FA-451B-832C-BB197E1339F6}.Release|Any CPU.Build.0 = Release|Any CPU
		{D318BABB-5CDE-4F46-8882-8B6DB3B62418}.Debug|Any CPU.ActiveCfg = Debug|Any CPU
		{D318BABB-5CDE-4F46-8882-8B6DB3B62418}.Debug|Any CPU.Build.0 = Debug|Any CPU
		{D318BABB-5CDE-4F46-8882-8B6DB3B62418}.Release|Any CPU.ActiveCfg = Release|Any CPU
		{D318BABB-5CDE-4F46-8882-8B6DB3B62418}.Release|Any CPU.Build.0 = Release|Any CPU
		{A00D662E-2EBD-4B15-8DDA-52401B86A150}.Debug|Any CPU.ActiveCfg = Debug|Any CPU
		{A00D662E-2EBD-4B15-8DDA-52401B86A150}.Debug|Any CPU.Build.0 = Debug|Any CPU
		{A00D662E-2EBD-4B15-8DDA-52401B86A150}.Release|Any CPU.ActiveCfg = Release|Any CPU
		{A00D662E-2EBD-4B15-8DDA-52401B86A150}.Release|Any CPU.Build.0 = Release|Any CPU
		{9A5C260D-E68A-4DAE-86F2-65D359BD6FA9}.Debug|Any CPU.ActiveCfg = Debug|Any CPU
		{9A5C260D-E68A-4DAE-86F2-65D359BD6FA9}.Debug|Any CPU.Build.0 = Debug|Any CPU
		{9A5C260D-E68A-4DAE-86F2-65D359BD6FA9}.Release|Any CPU.ActiveCfg = Release|Any CPU
		{9A5C260D-E68A-4DAE-86F2-65D359BD6FA9}.Release|Any CPU.Build.0 = Release|Any CPU
		{CD715964-1A02-4254-96A5-3D94E13F9DF4}.Debug|Any CPU.ActiveCfg = Debug|Any CPU
		{CD715964-1A02-4254-96A5-3D94E13F9DF4}.Debug|Any CPU.Build.0 = Debug|Any CPU
		{CD715964-1A02-4254-96A5-3D94E13F9DF4}.Release|Any CPU.ActiveCfg = Release|Any CPU
		{CD715964-1A02-4254-96A5-3D94E13F9DF4}.Release|Any CPU.Build.0 = Release|Any CPU
		{983FDBBE-C578-422C-8584-9B1286BEBAD6}.Debug|Any CPU.ActiveCfg = Debug|Any CPU
		{983FDBBE-C578-422C-8584-9B1286BEBAD6}.Debug|Any CPU.Build.0 = Debug|Any CPU
		{983FDBBE-C578-422C-8584-9B1286BEBAD6}.Release|Any CPU.ActiveCfg = Release|Any CPU
		{983FDBBE-C578-422C-8584-9B1286BEBAD6}.Release|Any CPU.Build.0 = Release|Any CPU
		{69BAB6BB-0517-4934-9E56-C136B09053EC}.Debug|Any CPU.ActiveCfg = Debug|Any CPU
		{69BAB6BB-0517-4934-9E56-C136B09053EC}.Debug|Any CPU.Build.0 = Debug|Any CPU
		{69BAB6BB-0517-4934-9E56-C136B09053EC}.Release|Any CPU.ActiveCfg = Release|Any CPU
		{69BAB6BB-0517-4934-9E56-C136B09053EC}.Release|Any CPU.Build.0 = Release|Any CPU
		{2115F246-F8D8-4C87-851D-643C8184B177}.Debug|Any CPU.ActiveCfg = Debug|Any CPU
		{2115F246-F8D8-4C87-851D-643C8184B177}.Debug|Any CPU.Build.0 = Debug|Any CPU
		{2115F246-F8D8-4C87-851D-643C8184B177}.Release|Any CPU.ActiveCfg = Release|Any CPU
		{2115F246-F8D8-4C87-851D-643C8184B177}.Release|Any CPU.Build.0 = Release|Any CPU
		{5FC2426B-4040-4839-8485-FD3CED768B41}.Debug|Any CPU.ActiveCfg = Debug|Any CPU
		{5FC2426B-4040-4839-8485-FD3CED768B41}.Debug|Any CPU.Build.0 = Debug|Any CPU
		{5FC2426B-4040-4839-8485-FD3CED768B41}.Release|Any CPU.ActiveCfg = Release|Any CPU
		{5FC2426B-4040-4839-8485-FD3CED768B41}.Release|Any CPU.Build.0 = Release|Any CPU
		{5DA3C110-18C1-4D87-85FA-3A02ABEC0C58}.Debug|Any CPU.ActiveCfg = Debug|Any CPU
		{5DA3C110-18C1-4D87-85FA-3A02ABEC0C58}.Debug|Any CPU.Build.0 = Debug|Any CPU
		{5DA3C110-18C1-4D87-85FA-3A02ABEC0C58}.Release|Any CPU.ActiveCfg = Release|Any CPU
		{5DA3C110-18C1-4D87-85FA-3A02ABEC0C58}.Release|Any CPU.Build.0 = Release|Any CPU
		{F4C2C926-1392-46AF-8397-5E4B9EAB9FBC}.Debug|Any CPU.ActiveCfg = Debug|Any CPU
		{F4C2C926-1392-46AF-8397-5E4B9EAB9FBC}.Debug|Any CPU.Build.0 = Debug|Any CPU
		{F4C2C926-1392-46AF-8397-5E4B9EAB9FBC}.Release|Any CPU.ActiveCfg = Release|Any CPU
		{F4C2C926-1392-46AF-8397-5E4B9EAB9FBC}.Release|Any CPU.Build.0 = Release|Any CPU
		{4CB4F529-FA2D-4784-B7DD-C2ABD70F17CB}.Debug|Any CPU.ActiveCfg = Debug|Any CPU
		{4CB4F529-FA2D-4784-B7DD-C2ABD70F17CB}.Debug|Any CPU.Build.0 = Debug|Any CPU
		{4CB4F529-FA2D-4784-B7DD-C2ABD70F17CB}.Release|Any CPU.ActiveCfg = Release|Any CPU
		{4CB4F529-FA2D-4784-B7DD-C2ABD70F17CB}.Release|Any CPU.Build.0 = Release|Any CPU
		{6F393D7B-AF27-42AB-97A6-B60DBDB4D93E}.Debug|Any CPU.ActiveCfg = Debug|Any CPU
		{6F393D7B-AF27-42AB-97A6-B60DBDB4D93E}.Debug|Any CPU.Build.0 = Debug|Any CPU
		{6F393D7B-AF27-42AB-97A6-B60DBDB4D93E}.Release|Any CPU.ActiveCfg = Release|Any CPU
		{6F393D7B-AF27-42AB-97A6-B60DBDB4D93E}.Release|Any CPU.Build.0 = Release|Any CPU
		{14AD5E04-9C5E-4473-82CB-5F82D2BCBEB6}.Debug|Any CPU.ActiveCfg = Debug|Any CPU
		{14AD5E04-9C5E-4473-82CB-5F82D2BCBEB6}.Debug|Any CPU.Build.0 = Debug|Any CPU
		{14AD5E04-9C5E-4473-82CB-5F82D2BCBEB6}.Release|Any CPU.ActiveCfg = Release|Any CPU
		{14AD5E04-9C5E-4473-82CB-5F82D2BCBEB6}.Release|Any CPU.Build.0 = Release|Any CPU
		{4BD602D0-4200-4F14-8B52-2835F1F34222}.Debug|Any CPU.ActiveCfg = Debug|Any CPU
		{4BD602D0-4200-4F14-8B52-2835F1F34222}.Debug|Any CPU.Build.0 = Debug|Any CPU
		{4BD602D0-4200-4F14-8B52-2835F1F34222}.Release|Any CPU.ActiveCfg = Release|Any CPU
		{4BD602D0-4200-4F14-8B52-2835F1F34222}.Release|Any CPU.Build.0 = Release|Any CPU
		{FC6848ED-44D1-40E4-A711-6BA109F04268}.Debug|Any CPU.ActiveCfg = Debug|Any CPU
		{FC6848ED-44D1-40E4-A711-6BA109F04268}.Debug|Any CPU.Build.0 = Debug|Any CPU
		{FC6848ED-44D1-40E4-A711-6BA109F04268}.Release|Any CPU.ActiveCfg = Release|Any CPU
		{FC6848ED-44D1-40E4-A711-6BA109F04268}.Release|Any CPU.Build.0 = Release|Any CPU
	EndGlobalSection
	GlobalSection(NestedProjects) = preSolution
		{60BEF34F-572D-477F-943F-16B869FDE06B} = {B3CCFF33-B33D-45E4-AEE1-778D5A2347D1}
		{8A9C3E5A-E722-4053-AB7C-E49D9EDE9A6E} = {8670B72D-186A-4BB9-B545-2BB84BD9445E}
		{A00D662E-2EBD-4B15-8DDA-52401B86A150} = {B0CFF32E-899A-44FD-A418-6D50E5B7CF8F}
		{9A5C260D-E68A-4DAE-86F2-65D359BD6FA9} = {A8D55A8D-8B37-461C-8FE1-015F734A36AE}
		{5DA3C110-18C1-4D87-85FA-3A02ABEC0C58} = {8670B72D-186A-4BB9-B545-2BB84BD9445E}
		{F4C2C926-1392-46AF-8397-5E4B9EAB9FBC} = {8670B72D-186A-4BB9-B545-2BB84BD9445E}
		{14AD5E04-9C5E-4473-82CB-5F82D2BCBEB6} = {8670B72D-186A-4BB9-B545-2BB84BD9445E}
		{4BD602D0-4200-4F14-8B52-2835F1F34222} = {8670B72D-186A-4BB9-B545-2BB84BD9445E}
	EndGlobalSection
EndGlobal
