
Microsoft Visual Studio Solution File, Format Version 12.00
# Visual Studio Version 17
VisualStudioVersion = 17.0.31903.59
MinimumVisualStudioVersion = 10.0.40219.1
Project("{FAE04EC0-301F-11D3-BF4B-00C04F79EFBC}") = "bench1", "bench1\bench1.csproj", "{C8E8B3BB-C021-47F1-BD56-D74FBB62E06F}"
EndProject
Project("{FAE04EC0-301F-11D3-BF4B-00C04F79EFBC}") = "app1", "app1\app1.csproj", "{9AA5DA95-6B8B-4C21-8854-43B46831BFBD}"
EndProject
Project("{FAE04EC0-301F-11D3-BF4B-00C04F79EFBC}") = "client1", "client1\client1.csproj", "{6AE1B479-3293-4E35-A84B-56E31E6FB843}"
EndProject
Project("{FAE04EC0-301F-11D3-BF4B-00C04F79EFBC}") = "app2", "app2\app2.csproj", "{B8B3529E-956D-4409-A64C-E2A6D621FDA0}"
EndProject
Project("{FAE04EC0-301F-11D3-BF4B-00C04F79EFBC}") = "app3", "app3\app3.csproj", "{3775FEA4-7A94-49D4-97CF-9C5863F31BED}"
EndProject
Project("{FAE04EC0-301F-11D3-BF4B-00C04F79EFBC}") = "app0", "app0\app0.csproj", "{D7B04F81-A999-496B-81F9-EDC7CDC58AA4}"
EndProject
Project("{FAE04EC0-301F-11D3-BF4B-00C04F79EFBC}") = "app4", "app4\app4.csproj", "{E1BEB1AA-F664-4430-8E16-BAF2E133A1A6}"
EndProject
Project("{FAE04EC0-301F-11D3-BF4B-00C04F79EFBC}") = "app5", "app5\app5.csproj", "{799C2AB4-4C10-45D7-B3EF-670C15AE9806}"
EndProject
Project("{FAE04EC0-301F-11D3-BF4B-00C04F79EFBC}") = "nnats-proxy", "nnats-proxy\nnats-proxy.csproj", "{8CC46EFF-972D-4095-AC0F-2E25874B78CD}"
EndProject
Project("{FAE04EC0-301F-11D3-BF4B-00C04F79EFBC}") = "client2", "client2\client2.csproj", "{9731805C-E2AC-49EF-9779-BCC8DB840173}"
EndProject
Project("{FAE04EC0-301F-11D3-BF4B-00C04F79EFBC}") = "test1", "test1\test1.csproj", "{A47F3BCE-7C5D-4E9A-8967-73DDE34CA819}"
EndProject
Project("{FAE04EC0-301F-11D3-BF4B-00C04F79EFBC}") = "test2", "test2\test2.csproj", "{46C538C4-DCAD-4475-9678-47024DB38320}"
EndProject
Project("{2150E333-8FDC-42A3-9474-1A3956D46DE8}") = "nats", "nats", "{8670B72D-186A-4BB9-B545-2BB84BD9445E}"
	ProjectSection(SolutionItems) = preProject
		nats\Directory.Build.props = nats\Directory.Build.props
	EndProjectSection
EndProject
Project("{2150E333-8FDC-42A3-9474-1A3956D46DE8}") = ".github", ".github", "{B3CCFF33-B33D-45E4-AEE1-778D5A2347D1}"
EndProject
Project("{2150E333-8FDC-42A3-9474-1A3956D46DE8}") = "workflows", "workflows", "{60BEF34F-572D-477F-943F-16B869FDE06B}"
	ProjectSection(SolutionItems) = preProject
		.github\workflows\test1.yml = .github\workflows\test1.yml
		.github\workflows\test2.yml = .github\workflows\test2.yml
		.github\workflows\nats.yml = .github\workflows\nats.yml
		.github\workflows\test3.yml = .github\workflows\test3.yml
		.github\workflows\nats2.yml = .github\workflows\nats2.yml
	EndProjectSection
EndProject
Project("{FAE04EC0-301F-11D3-BF4B-00C04F79EFBC}") = "NATS.Client.Core", "nats\nats.net.v2\src\NATS.Client.Core\NATS.Client.Core.csproj", "{8A9C3E5A-E722-4053-AB7C-E49D9EDE9A6E}"
EndProject
Project("{FAE04EC0-301F-11D3-BF4B-00C04F79EFBC}") = "NATS.Client.Core.Tests", "nats\nats.net.v2\tests\NATS.Client.Core.Tests\NATS.Client.Core.Tests.csproj", "{2B3E2785-6649-42D3-AF29-796E39A3A869}"
EndProject
Project("{2150E333-8FDC-42A3-9474-1A3956D46DE8}") = ".", ".", "{A84A5100-74F8-436F-8927-A41E5FB5E5C1}"
	ProjectSection(SolutionItems) = preProject
		README.md = README.md
		sync_nats.bat = sync_nats.bat
		Directory.Build.props = Directory.Build.props
		dump.patch = dump.patch
		Dumper.cs = Dumper.cs
		macos.patch = macos.patch
		X.cs = X.cs
	EndProjectSection
EndProject
Project("{FAE04EC0-301F-11D3-BF4B-00C04F79EFBC}") = "app_nats2", "app_nats2\app_nats2.csproj", "{60DB3842-54E9-4701-BD97-682A137CF151}"
EndProject
Global
	GlobalSection(SolutionConfigurationPlatforms) = preSolution
		Debug|Any CPU = Debug|Any CPU
		Release|Any CPU = Release|Any CPU
	EndGlobalSection
	GlobalSection(SolutionProperties) = preSolution
		HideSolutionNode = FALSE
	EndGlobalSection
	GlobalSection(ProjectConfigurationPlatforms) = postSolution
		{C8E8B3BB-C021-47F1-BD56-D74FBB62E06F}.Debug|Any CPU.ActiveCfg = Debug|Any CPU
		{C8E8B3BB-C021-47F1-BD56-D74FBB62E06F}.Debug|Any CPU.Build.0 = Debug|Any CPU
		{C8E8B3BB-C021-47F1-BD56-D74FBB62E06F}.Release|Any CPU.ActiveCfg = Release|Any CPU
		{C8E8B3BB-C021-47F1-BD56-D74FBB62E06F}.Release|Any CPU.Build.0 = Release|Any CPU
		{9AA5DA95-6B8B-4C21-8854-43B46831BFBD}.Debug|Any CPU.ActiveCfg = Debug|Any CPU
		{9AA5DA95-6B8B-4C21-8854-43B46831BFBD}.Debug|Any CPU.Build.0 = Debug|Any CPU
		{9AA5DA95-6B8B-4C21-8854-43B46831BFBD}.Release|Any CPU.ActiveCfg = Release|Any CPU
		{9AA5DA95-6B8B-4C21-8854-43B46831BFBD}.Release|Any CPU.Build.0 = Release|Any CPU
		{6AE1B479-3293-4E35-A84B-56E31E6FB843}.Debug|Any CPU.ActiveCfg = Debug|Any CPU
		{6AE1B479-3293-4E35-A84B-56E31E6FB843}.Debug|Any CPU.Build.0 = Debug|Any CPU
		{6AE1B479-3293-4E35-A84B-56E31E6FB843}.Release|Any CPU.ActiveCfg = Release|Any CPU
		{6AE1B479-3293-4E35-A84B-56E31E6FB843}.Release|Any CPU.Build.0 = Release|Any CPU
		{B8B3529E-956D-4409-A64C-E2A6D621FDA0}.Debug|Any CPU.ActiveCfg = Debug|Any CPU
		{B8B3529E-956D-4409-A64C-E2A6D621FDA0}.Debug|Any CPU.Build.0 = Debug|Any CPU
		{B8B3529E-956D-4409-A64C-E2A6D621FDA0}.Release|Any CPU.ActiveCfg = Release|Any CPU
		{B8B3529E-956D-4409-A64C-E2A6D621FDA0}.Release|Any CPU.Build.0 = Release|Any CPU
		{3775FEA4-7A94-49D4-97CF-9C5863F31BED}.Debug|Any CPU.ActiveCfg = Debug|Any CPU
		{3775FEA4-7A94-49D4-97CF-9C5863F31BED}.Debug|Any CPU.Build.0 = Debug|Any CPU
		{3775FEA4-7A94-49D4-97CF-9C5863F31BED}.Release|Any CPU.ActiveCfg = Release|Any CPU
		{3775FEA4-7A94-49D4-97CF-9C5863F31BED}.Release|Any CPU.Build.0 = Release|Any CPU
		{D7B04F81-A999-496B-81F9-EDC7CDC58AA4}.Debug|Any CPU.ActiveCfg = Debug|Any CPU
		{D7B04F81-A999-496B-81F9-EDC7CDC58AA4}.Debug|Any CPU.Build.0 = Debug|Any CPU
		{D7B04F81-A999-496B-81F9-EDC7CDC58AA4}.Release|Any CPU.ActiveCfg = Release|Any CPU
		{D7B04F81-A999-496B-81F9-EDC7CDC58AA4}.Release|Any CPU.Build.0 = Release|Any CPU
		{E1BEB1AA-F664-4430-8E16-BAF2E133A1A6}.Debug|Any CPU.ActiveCfg = Debug|Any CPU
		{E1BEB1AA-F664-4430-8E16-BAF2E133A1A6}.Debug|Any CPU.Build.0 = Debug|Any CPU
		{E1BEB1AA-F664-4430-8E16-BAF2E133A1A6}.Release|Any CPU.ActiveCfg = Release|Any CPU
		{E1BEB1AA-F664-4430-8E16-BAF2E133A1A6}.Release|Any CPU.Build.0 = Release|Any CPU
		{799C2AB4-4C10-45D7-B3EF-670C15AE9806}.Debug|Any CPU.ActiveCfg = Debug|Any CPU
		{799C2AB4-4C10-45D7-B3EF-670C15AE9806}.Debug|Any CPU.Build.0 = Debug|Any CPU
		{799C2AB4-4C10-45D7-B3EF-670C15AE9806}.Release|Any CPU.ActiveCfg = Release|Any CPU
		{799C2AB4-4C10-45D7-B3EF-670C15AE9806}.Release|Any CPU.Build.0 = Release|Any CPU
		{8CC46EFF-972D-4095-AC0F-2E25874B78CD}.Debug|Any CPU.ActiveCfg = Debug|Any CPU
		{8CC46EFF-972D-4095-AC0F-2E25874B78CD}.Debug|Any CPU.Build.0 = Debug|Any CPU
		{8CC46EFF-972D-4095-AC0F-2E25874B78CD}.Release|Any CPU.ActiveCfg = Release|Any CPU
		{8CC46EFF-972D-4095-AC0F-2E25874B78CD}.Release|Any CPU.Build.0 = Release|Any CPU
		{9731805C-E2AC-49EF-9779-BCC8DB840173}.Debug|Any CPU.ActiveCfg = Debug|Any CPU
		{9731805C-E2AC-49EF-9779-BCC8DB840173}.Debug|Any CPU.Build.0 = Debug|Any CPU
		{9731805C-E2AC-49EF-9779-BCC8DB840173}.Release|Any CPU.ActiveCfg = Release|Any CPU
		{9731805C-E2AC-49EF-9779-BCC8DB840173}.Release|Any CPU.Build.0 = Release|Any CPU
		{A47F3BCE-7C5D-4E9A-8967-73DDE34CA819}.Debug|Any CPU.ActiveCfg = Debug|Any CPU
		{A47F3BCE-7C5D-4E9A-8967-73DDE34CA819}.Debug|Any CPU.Build.0 = Debug|Any CPU
		{A47F3BCE-7C5D-4E9A-8967-73DDE34CA819}.Release|Any CPU.ActiveCfg = Release|Any CPU
		{A47F3BCE-7C5D-4E9A-8967-73DDE34CA819}.Release|Any CPU.Build.0 = Release|Any CPU
		{46C538C4-DCAD-4475-9678-47024DB38320}.Debug|Any CPU.ActiveCfg = Debug|Any CPU
		{46C538C4-DCAD-4475-9678-47024DB38320}.Debug|Any CPU.Build.0 = Debug|Any CPU
		{46C538C4-DCAD-4475-9678-47024DB38320}.Release|Any CPU.ActiveCfg = Release|Any CPU
		{46C538C4-DCAD-4475-9678-47024DB38320}.Release|Any CPU.Build.0 = Release|Any CPU
		{8A9C3E5A-E722-4053-AB7C-E49D9EDE9A6E}.Debug|Any CPU.ActiveCfg = Debug|Any CPU
		{8A9C3E5A-E722-4053-AB7C-E49D9EDE9A6E}.Debug|Any CPU.Build.0 = Debug|Any CPU
		{8A9C3E5A-E722-4053-AB7C-E49D9EDE9A6E}.Release|Any CPU.ActiveCfg = Release|Any CPU
		{8A9C3E5A-E722-4053-AB7C-E49D9EDE9A6E}.Release|Any CPU.Build.0 = Release|Any CPU
		{2B3E2785-6649-42D3-AF29-796E39A3A869}.Debug|Any CPU.ActiveCfg = Debug|Any CPU
		{2B3E2785-6649-42D3-AF29-796E39A3A869}.Debug|Any CPU.Build.0 = Debug|Any CPU
		{2B3E2785-6649-42D3-AF29-796E39A3A869}.Release|Any CPU.ActiveCfg = Release|Any CPU
		{2B3E2785-6649-42D3-AF29-796E39A3A869}.Release|Any CPU.Build.0 = Release|Any CPU
		{60DB3842-54E9-4701-BD97-682A137CF151}.Debug|Any CPU.ActiveCfg = Debug|Any CPU
		{60DB3842-54E9-4701-BD97-682A137CF151}.Debug|Any CPU.Build.0 = Debug|Any CPU
		{60DB3842-54E9-4701-BD97-682A137CF151}.Release|Any CPU.ActiveCfg = Release|Any CPU
		{60DB3842-54E9-4701-BD97-682A137CF151}.Release|Any CPU.Build.0 = Release|Any CPU
	EndGlobalSection
	GlobalSection(NestedProjects) = preSolution
		{60BEF34F-572D-477F-943F-16B869FDE06B} = {B3CCFF33-B33D-45E4-AEE1-778D5A2347D1}
		{8A9C3E5A-E722-4053-AB7C-E49D9EDE9A6E} = {8670B72D-186A-4BB9-B545-2BB84BD9445E}
		{2B3E2785-6649-42D3-AF29-796E39A3A869} = {8670B72D-186A-4BB9-B545-2BB84BD9445E}
	EndGlobalSection
EndGlobal
